// !$*UTF8*$!
{
	archiveVersion = 1;
	classes = {
	};
	objectVersion = 77;
	objects = {

/* Begin PBXContainerItemProxy section */
		98EE8DC72E14D005006BCC59 /* PBXContainerItemProxy */ = {
			isa = PBXContainerItemProxy;
			containerPortal = 98EE8DAE2E14D001006BCC59 /* Project object */;
			proxyType = 1;
			remoteGlobalIDString = 98EE8DB52E14D001006BCC59;
			remoteInfo = audioPal;
		};
		98EE8DD12E14D005006BCC59 /* PBXContainerItemProxy */ = {
			isa = PBXContainerItemProxy;
			containerPortal = 98EE8DAE2E14D001006BCC59 /* Project object */;
			proxyType = 1;
			remoteGlobalIDString = 98EE8DB52E14D001006BCC59;
			remoteInfo = audioPal;
		};
/* End PBXContainerItemProxy section */

/* Begin PBXFileReference section */
		98EE8DB62E14D001006BCC59 /* audioPal.app */ = {isa = PBXFileReference; explicitFileType = wrapper.application; includeInIndex = 0; path = audioPal.app; sourceTree = BUILT_PRODUCTS_DIR; };
		98EE8DC62E14D005006BCC59 /* audioPalTests.xctest */ = {isa = PBXFileReference; explicitFileType = wrapper.cfbundle; includeInIndex = 0; path = audioPalTests.xctest; sourceTree = BUILT_PRODUCTS_DIR; };
		98EE8DD02E14D005006BCC59 /* audioPalUITests.xctest */ = {isa = PBXFileReference; explicitFileType = wrapper.cfbundle; includeInIndex = 0; path = audioPalUITests.xctest; sourceTree = BUILT_PRODUCTS_DIR; };
/* End PBXFileReference section */

/* Begin PBXFileSystemSynchronizedBuildFileExceptionSet section */
		98EE8E0A2E15E2FE006BCC59 /* Exceptions for "audioPal" folder in "audioPal" target */ = {
			isa = PBXFileSystemSynchronizedBuildFileExceptionSet;
			membershipExceptions = (
				Info.plist,
			);
			target = 98EE8DB52E14D001006BCC59 /* audioPal */;
		};
/* End PBXFileSystemSynchronizedBuildFileExceptionSet section */

/* Begin PBXFileSystemSynchronizedRootGroup section */
		98EE8DB82E14D001006BCC59 /* audioPal */ = {
			isa = PBXFileSystemSynchronizedRootGroup;
			exceptions = (
				98EE8E0A2E15E2FE006BCC59 /* Exceptions for "audioPal" folder in "audioPal" target */,
			);
			path = audioPal;
			sourceTree = "<group>";
		};
		98EE8DC92E14D005006BCC59 /* audioPalTests */ = {
			isa = PBXFileSystemSynchronizedRootGroup;
			path = audioPalTests;
			sourceTree = "<group>";
		};
		98EE8DD32E14D005006BCC59 /* audioPalUITests */ = {
			isa = PBXFileSystemSynchronizedRootGroup;
			path = audioPalUITests;
			sourceTree = "<group>";
		};
/* End PBXFileSystemSynchronizedRootGroup section */

/* Begin PBXFrameworksBuildPhase section */
		98EE8DB32E14D001006BCC59 /* Frameworks */ = {
			isa = PBXFrameworksBuildPhase;
			buildActionMask = 2147483647;
			files = (
			);
			runOnlyForDeploymentPostprocessing = 0;
		};
		98EE8DC32E14D005006BCC59 /* Frameworks */ = {
			isa = PBXFrameworksBuildPhase;
			buildActionMask = 2147483647;
			files = (
			);
			runOnlyForDeploymentPostprocessing = 0;
		};
		98EE8DCD2E14D005006BCC59 /* Frameworks */ = {
			isa = PBXFrameworksBuildPhase;
			buildActionMask = 2147483647;
			files = (
			);
			runOnlyForDeploymentPostprocessing = 0;
		};
/* End PBXFrameworksBuildPhase section */

/* Begin PBXGroup section */
		98EE8DAD2E14D001006BCC59 = {
			isa = PBXGroup;
			children = (
				98EE8DB82E14D001006BCC59 /* audioPal */,
				98EE8DC92E14D005006BCC59 /* audioPalTests */,
				98EE8DD32E14D005006BCC59 /* audioPalUITests */,
				98EE8DB72E14D001006BCC59 /* Products */,
			);
			sourceTree = "<group>";
		};
		98EE8DB72E14D001006BCC59 /* Products */ = {
			isa = PBXGroup;
			children = (
				98EE8DB62E14D001006BCC59 /* audioPal.app */,
				98EE8DC62E14D005006BCC59 /* audioPalTests.xctest */,
				98EE8DD02E14D005006BCC59 /* audioPalUITests.xctest */,
			);
			name = Products;
			sourceTree = "<group>";
		};
/* End PBXGroup section */

/* Begin PBXNativeTarget section */
		98EE8DB52E14D001006BCC59 /* audioPal */ = {
			isa = PBXNativeTarget;
			buildConfigurationList = 98EE8DDA2E14D005006BCC59 /* Build configuration list for PBXNativeTarget "audioPal" */;
			buildPhases = (
				98EE8DB22E14D001006BCC59 /* Sources */,
				98EE8DB32E14D001006BCC59 /* Frameworks */,
				98EE8DB42E14D001006BCC59 /* Resources */,
			);
			buildRules = (
			);
			dependencies = (
			);
			fileSystemSynchronizedGroups = (
				98EE8DB82E14D001006BCC59 /* audioPal */,
			);
			name = audioPal;
			packageProductDependencies = (
			);
			productName = audioPal;
			productReference = 98EE8DB62E14D001006BCC59 /* audioPal.app */;
			productType = "com.apple.product-type.application";
		};
		98EE8DC52E14D005006BCC59 /* audioPalTests */ = {
			isa = PBXNativeTarget;
			buildConfigurationList = 98EE8DDD2E14D005006BCC59 /* Build configuration list for PBXNativeTarget "audioPalTests" */;
			buildPhases = (
				98EE8DC22E14D005006BCC59 /* Sources */,
				98EE8DC32E14D005006BCC59 /* Frameworks */,
				98EE8DC42E14D005006BCC59 /* Resources */,
			);
			buildRules = (
			);
			dependencies = (
				98EE8DC82E14D005006BCC59 /* PBXTargetDependency */,
			);
			fileSystemSynchronizedGroups = (
				98EE8DC92E14D005006BCC59 /* audioPalTests */,
			);
			name = audioPalTests;
			packageProductDependencies = (
			);
			productName = audioPalTests;
			productReference = 98EE8DC62E14D005006BCC59 /* audioPalTests.xctest */;
			productType = "com.apple.product-type.bundle.unit-test";
		};
		98EE8DCF2E14D005006BCC59 /* audioPalUITests */ = {
			isa = PBXNativeTarget;
			buildConfigurationList = 98EE8DE02E14D005006BCC59 /* Build configuration list for PBXNativeTarget "audioPalUITests" */;
			buildPhases = (
				98EE8DCC2E14D005006BCC59 /* Sources */,
				98EE8DCD2E14D005006BCC59 /* Frameworks */,
				98EE8DCE2E14D005006BCC59 /* Resources */,
			);
			buildRules = (
			);
			dependencies = (
				98EE8DD22E14D005006BCC59 /* PBXTargetDependency */,
			);
			fileSystemSynchronizedGroups = (
				98EE8DD32E14D005006BCC59 /* audioPalUITests */,
			);
			name = audioPalUITests;
			packageProductDependencies = (
			);
			productName = audioPalUITests;
			productReference = 98EE8DD02E14D005006BCC59 /* audioPalUITests.xctest */;
			productType = "com.apple.product-type.bundle.ui-testing";
		};
/* End PBXNativeTarget section */

/* Begin PBXProject section */
		98EE8DAE2E14D001006BCC59 /* Project object */ = {
			isa = PBXProject;
			attributes = {
				BuildIndependentTargetsInParallel = 1;
				LastSwiftUpdateCheck = 1600;
				LastUpgradeCheck = 1600;
				TargetAttributes = {
					98EE8DB52E14D001006BCC59 = {
						CreatedOnToolsVersion = 16.0;
					};
					98EE8DC52E14D005006BCC59 = {
						CreatedOnToolsVersion = 16.0;
						TestTargetID = 98EE8DB52E14D001006BCC59;
					};
					98EE8DCF2E14D005006BCC59 = {
						CreatedOnToolsVersion = 16.0;
						TestTargetID = 98EE8DB52E14D001006BCC59;
					};
				};
			};
			buildConfigurationList = 98EE8DB12E14D001006BCC59 /* Build configuration list for PBXProject "audioPal" */;
			developmentRegion = en;
			hasScannedForEncodings = 0;
			knownRegions = (
				en,
				Base,
			);
			mainGroup = 98EE8DAD2E14D001006BCC59;
			minimizedProjectReferenceProxies = 1;
			preferredProjectObjectVersion = 77;
			productRefGroup = 98EE8DB72E14D001006BCC59 /* Products */;
			projectDirPath = "";
			projectRoot = "";
			targets = (
				98EE8DB52E14D001006BCC59 /* audioPal */,
				98EE8DC52E14D005006BCC59 /* audioPalTests */,
				98EE8DCF2E14D005006BCC59 /* audioPalUITests */,
			);
		};
/* End PBXProject section */

/* Begin PBXResourcesBuildPhase section */
		98EE8DB42E14D001006BCC59 /* Resources */ = {
			isa = PBXResourcesBuildPhase;
			buildActionMask = 2147483647;
			files = (
			);
			runOnlyForDeploymentPostprocessing = 0;
		};
		98EE8DC42E14D005006BCC59 /* Resources */ = {
			isa = PBXResourcesBuildPhase;
			buildActionMask = 2147483647;
			files = (
			);
			runOnlyForDeploymentPostprocessing = 0;
		};
		98EE8DCE2E14D005006BCC59 /* Resources */ = {
			isa = PBXResourcesBuildPhase;
			buildActionMask = 2147483647;
			files = (
			);
			runOnlyForDeploymentPostprocessing = 0;
		};
/* End PBXResourcesBuildPhase section */

/* Begin PBXSourcesBuildPhase section */
		98EE8DB22E14D001006BCC59 /* Sources */ = {
			isa = PBXSourcesBuildPhase;
			buildActionMask = 2147483647;
			files = (
			);
			runOnlyForDeploymentPostprocessing = 0;
		};
		98EE8DC22E14D005006BCC59 /* Sources */ = {
			isa = PBXSourcesBuildPhase;
			buildActionMask = 2147483647;
			files = (
			);
			runOnlyForDeploymentPostprocessing = 0;
		};
		98EE8DCC2E14D005006BCC59 /* Sources */ = {
			isa = PBXSourcesBuildPhase;
			buildActionMask = 2147483647;
			files = (
			);
			runOnlyForDeploymentPostprocessing = 0;
		};
/* End PBXSourcesBuildPhase section */

/* Begin PBXTargetDependency section */
		98EE8DC82E14D005006BCC59 /* PBXTargetDependency */ = {
			isa = PBXTargetDependency;
			target = 98EE8DB52E14D001006BCC59 /* audioPal */;
			targetProxy = 98EE8DC72E14D005006BCC59 /* PBXContainerItemProxy */;
		};
		98EE8DD22E14D005006BCC59 /* PBXTargetDependency */ = {
			isa = PBXTargetDependency;
			target = 98EE8DB52E14D001006BCC59 /* audioPal */;
			targetProxy = 98EE8DD12E14D005006BCC59 /* PBXContainerItemProxy */;
		};
/* End PBXTargetDependency section */

/* Begin XCBuildConfiguration section */
		98EE8DD82E14D005006BCC59 /* Debug */ = {
			isa = XCBuildConfiguration;
			buildSettings = {
				ALWAYS_SEARCH_USER_PATHS = NO;
				ASSETCATALOG_COMPILER_GENERATE_SWIFT_ASSET_SYMBOL_EXTENSIONS = YES;
				CLANG_ANALYZER_NONNULL = YES;
				CLANG_ANALYZER_NUMBER_OBJECT_CONVERSION = YES_AGGRESSIVE;
				CLANG_CXX_LANGUAGE_STANDARD = "gnu++20";
				CLANG_ENABLE_MODULES = YES;
				CLANG_ENABLE_OBJC_ARC = YES;
				CLANG_ENABLE_OBJC_WEAK = YES;
				CLANG_WARN_BLOCK_CAPTURE_AUTORELEASING = YES;
				CLANG_WARN_BOOL_CONVERSION = YES;
				CLANG_WARN_COMMA = YES;
				CLANG_WARN_CONSTANT_CONVERSION = YES;
				CLANG_WARN_DEPRECATED_OBJC_IMPLEMENTATIONS = YES;
				CLANG_WARN_DIRECT_OBJC_ISA_USAGE = YES_ERROR;
				CLANG_WARN_DOCUMENTATION_COMMENTS = YES;
				CLANG_WARN_EMPTY_BODY = YES;
				CLANG_WARN_ENUM_CONVERSION = YES;
				CLANG_WARN_INFINITE_RECURSION = YES;
				CLANG_WARN_INT_CONVERSION = YES;
				CLANG_WARN_NON_LITERAL_NULL_CONVERSION = YES;
				CLANG_WARN_OBJC_IMPLICIT_RETAIN_SELF = YES;
				CLANG_WARN_OBJC_LITERAL_CONVERSION = YES;
				CLANG_WARN_OBJC_ROOT_CLASS = YES_ERROR;
				CLANG_WARN_QUOTED_INCLUDE_IN_FRAMEWORK_HEADER = YES;
				CLANG_WARN_RANGE_LOOP_ANALYSIS = YES;
				CLANG_WARN_STRICT_PROTOTYPES = YES;
				CLANG_WARN_SUSPICIOUS_MOVE = YES;
				CLANG_WARN_UNGUARDED_AVAILABILITY = YES_AGGRESSIVE;
				CLANG_WARN_UNREACHABLE_CODE = YES;
				CLANG_WARN__DUPLICATE_METHOD_MATCH = YES;
				COPY_PHASE_STRIP = NO;
				DEBUG_INFORMATION_FORMAT = dwarf;
				ENABLE_STRICT_OBJC_MSGSEND = YES;
				ENABLE_TESTABILITY = YES;
				ENABLE_USER_SCRIPT_SANDBOXING = YES;
				GCC_C_LANGUAGE_STANDARD = gnu17;
				GCC_DYNAMIC_NO_PIC = NO;
				GCC_NO_COMMON_BLOCKS = YES;
				GCC_OPTIMIZATION_LEVEL = 0;
				GCC_PREPROCESSOR_DEFINITIONS = (
					"DEBUG=1",
					"$(inherited)",
				);
				GCC_WARN_64_TO_32_BIT_CONVERSION = YES;
				GCC_WARN_ABOUT_RETURN_TYPE = YES_ERROR;
				GCC_WARN_UNDECLARED_SELECTOR = YES;
				GCC_WARN_UNINITIALIZED_AUTOS = YES_AGGRESSIVE;
				GCC_WARN_UNUSED_FUNCTION = YES;
				GCC_WARN_UNUSED_VARIABLE = YES;
				IPHONEOS_DEPLOYMENT_TARGET = 18.0;
				LOCALIZATION_PREFERS_STRING_CATALOGS = YES;
				MTL_ENABLE_DEBUG_INFO = INCLUDE_SOURCE;
				MTL_FAST_MATH = YES;
				ONLY_ACTIVE_ARCH = YES;
				SDKROOT = iphoneos;
				SWIFT_ACTIVE_COMPILATION_CONDITIONS = "DEBUG $(inherited)";
				SWIFT_OPTIMIZATION_LEVEL = "-Onone";
			};
			name = Debug;
		};
		98EE8DD92E14D005006BCC59 /* Release */ = {
			isa = XCBuildConfiguration;
			buildSettings = {
				ALWAYS_SEARCH_USER_PATHS = NO;
				ASSETCATALOG_COMPILER_GENERATE_SWIFT_ASSET_SYMBOL_EXTENSIONS = YES;
				CLANG_ANALYZER_NONNULL = YES;
				CLANG_ANALYZER_NUMBER_OBJECT_CONVERSION = YES_AGGRESSIVE;
				CLANG_CXX_LANGUAGE_STANDARD = "gnu++20";
				CLANG_ENABLE_MODULES = YES;
				CLANG_ENABLE_OBJC_ARC = YES;
				CLANG_ENABLE_OBJC_WEAK = YES;
				CLANG_WARN_BLOCK_CAPTURE_AUTORELEASING = YES;
				CLANG_WARN_BOOL_CONVERSION = YES;
				CLANG_WARN_COMMA = YES;
				CLANG_WARN_CONSTANT_CONVERSION = YES;
				CLANG_WARN_DEPRECATED_OBJC_IMPLEMENTATIONS = YES;
				CLANG_WARN_DIRECT_OBJC_ISA_USAGE = YES_ERROR;
				CLANG_WARN_DOCUMENTATION_COMMENTS = YES;
				CLANG_WARN_EMPTY_BODY = YES;
				CLANG_WARN_ENUM_CONVERSION = YES;
				CLANG_WARN_INFINITE_RECURSION = YES;
				CLANG_WARN_INT_CONVERSION = YES;
				CLANG_WARN_NON_LITERAL_NULL_CONVERSION = YES;
				CLANG_WARN_OBJC_IMPLICIT_RETAIN_SELF = YES;
				CLANG_WARN_OBJC_LITERAL_CONVERSION = YES;
				CLANG_WARN_OBJC_ROOT_CLASS = YES_ERROR;
				CLANG_WARN_QUOTED_INCLUDE_IN_FRAMEWORK_HEADER = YES;
				CLANG_WARN_RANGE_LOOP_ANALYSIS = YES;
				CLANG_WARN_STRICT_PROTOTYPES = YES;
				CLANG_WARN_SUSPICIOUS_MOVE = YES;
				CLANG_WARN_UNGUARDED_AVAILABILITY = YES_AGGRESSIVE;
				CLANG_WARN_UNREACHABLE_CODE = YES;
				CLANG_WARN__DUPLICATE_METHOD_MATCH = YES;
				COPY_PHASE_STRIP = NO;
				DEBUG_INFORMATION_FORMAT = "dwarf-with-dsym";
				ENABLE_NS_ASSERTIONS = NO;
				ENABLE_STRICT_OBJC_MSGSEND = YES;
				ENABLE_USER_SCRIPT_SANDBOXING = YES;
				GCC_C_LANGUAGE_STANDARD = gnu17;
				GCC_NO_COMMON_BLOCKS = YES;
				GCC_WARN_64_TO_32_BIT_CONVERSION = YES;
				GCC_WARN_ABOUT_RETURN_TYPE = YES_ERROR;
				GCC_WARN_UNDECLARED_SELECTOR = YES;
				GCC_WARN_UNINITIALIZED_AUTOS = YES_AGGRESSIVE;
				GCC_WARN_UNUSED_FUNCTION = YES;
				GCC_WARN_UNUSED_VARIABLE = YES;
				IPHONEOS_DEPLOYMENT_TARGET = 18.0;
				LOCALIZATION_PREFERS_STRING_CATALOGS = YES;
				MTL_ENABLE_DEBUG_INFO = NO;
				MTL_FAST_MATH = YES;
				SDKROOT = iphoneos;
				SWIFT_COMPILATION_MODE = wholemodule;
				VALIDATE_PRODUCT = YES;
			};
			name = Release;
		};
		98EE8DDB2E14D005006BCC59 /* Debug */ = {
			isa = XCBuildConfiguration;
			buildSettings = {
				ASSETCATALOG_COMPILER_APPICON_NAME = AppIcon;
				ASSETCATALOG_COMPILER_GLOBAL_ACCENT_COLOR_NAME = AccentColor;
				CODE_SIGN_STYLE = Automatic;
				CURRENT_PROJECT_VERSION = 1;
				DEVELOPMENT_ASSET_PATHS = "\"audioPal/Preview Content\"";
				DEVELOPMENT_TEAM = YU8Q6NLNRB;
				ENABLE_PREVIEWS = YES;
				GENERATE_INFOPLIST_FILE = YES;
				INFOPLIST_FILE = audioPal/Info.plist;
				INFOPLIST_KEY_NSMicrophoneUsageDescription = "This app needs microphone access to record your speech and convert it to text.";
				INFOPLIST_KEY_NSSpeechRecognitionUsageDescription = "This app uses speech recognition to convert your spoken words into text.";
				INFOPLIST_KEY_UIApplicationSceneManifest_Generation = YES;
				INFOPLIST_KEY_UIApplicationSupportsIndirectInputEvents = YES;
				INFOPLIST_KEY_UILaunchScreen_Generation = YES;
				INFOPLIST_KEY_UISupportedInterfaceOrientations_iPad = "UIInterfaceOrientationPortrait UIInterfaceOrientationPortraitUpsideDown UIInterfaceOrientationLandscapeLeft UIInterfaceOrientationLandscapeRight";
				INFOPLIST_KEY_UISupportedInterfaceOrientations_iPhone = "UIInterfaceOrientationPortrait UIInterfaceOrientationLandscapeLeft UIInterfaceOrientationLandscapeRight";
				LD_RUNPATH_SEARCH_PATHS = (
					"$(inherited)",
					"@executable_path/Frameworks",
				);
				MARKETING_VERSION = 1.0;
				PRODUCT_BUNDLE_IDENTIFIER = testaaa.audioPal;
				PRODUCT_NAME = "$(TARGET_NAME)";
				SWIFT_EMIT_LOC_STRINGS = YES;
				SWIFT_VERSION = 5.0;
				TARGETED_DEVICE_FAMILY = "1,2";
			};
			name = Debug;
		};
		98EE8DDC2E14D005006BCC59 /* Release */ = {
			isa = XCBuildConfiguration;
			buildSettings = {
				ASSETCATALOG_COMPILER_APPICON_NAME = AppIcon;
				ASSETCATALOG_COMPILER_GLOBAL_ACCENT_COLOR_NAME = AccentColor;
				CODE_SIGN_STYLE = Automatic;
				CURRENT_PROJECT_VERSION = 1;
				DEVELOPMENT_ASSET_PATHS = "\"audioPal/Preview Content\"";
				DEVELOPMENT_TEAM = YU8Q6NLNRB;
				ENABLE_PREVIEWS = YES;
				GENERATE_INFOPLIST_FILE = YES;
				INFOPLIST_FILE = audioPal/Info.plist;
				INFOPLIST_KEY_NSMicrophoneUsageDescription = "This app needs microphone access to record your speech and convert it to text.";
				INFOPLIST_KEY_NSSpeechRecognitionUsageDescription = "This app uses speech recognition to convert your spoken words into text.";
				INFOPLIST_KEY_UIApplicationSceneManifest_Generation = YES;
				INFOPLIST_KEY_UIApplicationSupportsIndirectInputEvents = YES;
				INFOPLIST_KEY_UILaunchScreen_Generation = YES;
				INFOPLIST_KEY_UISupportedInterfaceOrientations_iPad = "UIInterfaceOrientationPortrait UIInterfaceOrientationPortraitUpsideDown UIInterfaceOrientationLandscapeLeft UIInterfaceOrientationLandscapeRight";
				INFOPLIST_KEY_UISupportedInterfaceOrientations_iPhone = "UIInterfaceOrientationPortrait UIInterfaceOrientationLandscapeLeft UIInterfaceOrientationLandscapeRight";
				LD_RUNPATH_SEARCH_PATHS = (
					"$(inherited)",
					"@executable_path/Frameworks",
				);
				MARKETING_VERSION = 1.0;
				PRODUCT_BUNDLE_IDENTIFIER = testaaa.audioPal;
				PRODUCT_NAME = "$(TARGET_NAME)";
				SWIFT_EMIT_LOC_STRINGS = YES;
				SWIFT_VERSION = 5.0;
				TARGETED_DEVICE_FAMILY = "1,2";
			};
			name = Release;
		};
		98EE8DDE2E14D005006BCC59 /* Debug */ = {
			isa = XCBuildConfiguration;
			buildSettings = {
				BUNDLE_LOADER = "$(TEST_HOST)";
				CODE_SIGN_STYLE = Automatic;
				CURRENT_PROJECT_VERSION = 1;
				DEVELOPMENT_TEAM = YU8Q6NLNRB;
				GENERATE_INFOPLIST_FILE = YES;
				IPHONEOS_DEPLOYMENT_TARGET = 18.0;
				MARKETING_VERSION = 1.0;
				PRODUCT_BUNDLE_IDENTIFIER = testaaa.audioPalTests;
				PRODUCT_NAME = "$(TARGET_NAME)";
				SWIFT_EMIT_LOC_STRINGS = NO;
				SWIFT_VERSION = 5.0;
				TARGETED_DEVICE_FAMILY = "1,2";
				TEST_HOST = "$(BUILT_PRODUCTS_DIR)/audioPal.app/$(BUNDLE_EXECUTABLE_FOLDER_PATH)/audioPal";
			};
			name = Debug;
		};
		98EE8DDF2E14D005006BCC59 /* Release */ = {
			isa = XCBuildConfiguration;
			buildSettings = {
				BUNDLE_LOADER = "$(TEST_HOST)";
				CODE_SIGN_STYLE = Automatic;
				CURRENT_PROJECT_VERSION = 1;
				DEVELOPMENT_TEAM = YU8Q6NLNRB;
				GENERATE_INFOPLIST_FILE = YES;
				IPHONEOS_DEPLOYMENT_TARGET = 18.0;
				MARKETING_VERSION = 1.0;
				PRODUCT_BUNDLE_IDENTIFIER = testaaa.audioPalTests;
				PRODUCT_NAME = "$(TARGET_NAME)";
				SWIFT_EMIT_LOC_STRINGS = NO;
				SWIFT_VERSION = 5.0;
				TARGETED_DEVICE_FAMILY = "1,2";
				TEST_HOST = "$(BUILT_PRODUCTS_DIR)/audioPal.app/$(BUNDLE_EXECUTABLE_FOLDER_PATH)/audioPal";
			};
			name = Release;
		};
		98EE8DE12E14D005006BCC59 /* Debug */ = {
			isa = XCBuildConfiguration;
			buildSettings = {
				CODE_SIGN_STYLE = Automatic;
				CURRENT_PROJECT_VERSION = 1;
				DEVELOPMENT_TEAM = YU8Q6NLNRB;
				GENERATE_INFOPLIST_FILE = YES;
				MARKETING_VERSION = 1.0;
				PRODUCT_BUNDLE_IDENTIFIER = testaaa.audioPalUITests;
				PRODUCT_NAME = "$(TARGET_NAME)";
				SWIFT_EMIT_LOC_STRINGS = NO;
				SWIFT_VERSION = 5.0;
				TARGETED_DEVICE_FAMILY = "1,2";
				TEST_TARGET_NAME = audioPal;
			};
			name = Debug;
		};
		98EE8DE22E14D005006BCC59 /* Release */ = {
			isa = XCBuildConfiguration;
			buildSettings = {
				CODE_SIGN_STYLE = Automatic;
				CURRENT_PROJECT_VERSION = 1;
				DEVELOPMENT_TEAM = YU8Q6NLNRB;
				GENERATE_INFOPLIST_FILE = YES;
				MARKETING_VERSION = 1.0;
				PRODUCT_BUNDLE_IDENTIFIER = testaaa.audioPalUITests;
				PRODUCT_NAME = "$(TARGET_NAME)";
				SWIFT_EMIT_LOC_STRINGS = NO;
				SWIFT_VERSION = 5.0;
				TARGETED_DEVICE_FAMILY = "1,2";
				TEST_TARGET_NAME = audioPal;
			};
			name = Release;
		};
/* End XCBuildConfiguration section */

/* Begin XCConfigurationList section */
		98EE8DB12E14D001006BCC59 /* Build configuration list for PBXProject "audioPal" */ = {
			isa = XCConfigurationList;
			buildConfigurations = (
				98EE8DD82E14D005006BCC59 /* Debug */,
				98EE8DD92E14D005006BCC59 /* Release */,
			);
			defaultConfigurationIsVisible = 0;
			defaultConfigurationName = Release;
		};
		98EE8DDA2E14D005006BCC59 /* Build configuration list for PBXNativeTarget "audioPal" */ = {
			isa = XCConfigurationList;
			buildConfigurations = (
				98EE8DDB2E14D005006BCC59 /* Debug */,
				98EE8DDC2E14D005006BCC59 /* Release */,
			);
			defaultConfigurationIsVisible = 0;
			defaultConfigurationName = Release;
		};
		98EE8DDD2E14D005006BCC59 /* Build configuration list for PBXNativeTarget "audioPalTests" */ = {
			isa = XCConfigurationList;
			buildConfigurations = (
				98EE8DDE2E14D005006BCC59 /* Debug */,
				98EE8DDF2E14D005006BCC59 /* Release */,
			);
			defaultConfigurationIsVisible = 0;
			defaultConfigurationName = Release;
		};
		98EE8DE02E14D005006BCC59 /* Build configuration list for PBXNativeTarget "audioPalUITests" */ = {
			isa = XCConfigurationList;
			buildConfigurations = (
				98EE8DE12E14D005006BCC59 /* Debug */,
				98EE8DE22E14D005006BCC59 /* Release */,
			);
			defaultConfigurationIsVisible = 0;
			defaultConfigurationName = Release;
		};
/* End XCConfigurationList section */
	};
	rootObject = 98EE8DAE2E14D001006BCC59 /* Project object */;
}
